
Microsoft Visual Studio Solution File, Format Version 12.00
# Visual Studio Version 16
VisualStudioVersion = 16.0.30104.148
MinimumVisualStudioVersion = 10.0.40219.1
Project("{9A19103F-16F7-4668-BE54-9A1E7A4F7556}") = "dFakto.States.Workers", "dFakto.States.Workers\dFakto.States.Workers.csproj", "{12429588-F4B8-4D56-954D-A586DCA08963}"
EndProject
Project("{9A19103F-16F7-4668-BE54-9A1E7A4F7556}") = "dFakto.States.Workers.Sql-old", "dFakto.States.Workers.Sql-old\dFakto.States.Workers.Sql-old.csproj", "{32B94B61-9587-4A3D-A6A9-3990F6606D03}"
EndProject
Project("{9A19103F-16F7-4668-BE54-9A1E7A4F7556}") = "dFakto.States.Workers.Tests", "dFakto.States.Workers.Tests\dFakto.States.Workers.Tests.csproj", "{A5256C96-A238-4994-9251-60662AE4ADAB}"
EndProject
Project("{2150E333-8FDC-42A3-9474-1A3956D46DE8}") = "FileStores", "FileStores", "{8D4DFB6D-5625-4BF7-99B5-35254872895D}"
EndProject
Project("{FAE04EC0-301F-11D3-BF4B-00C04F79EFBC}") = "dFakto.States.Workers.FileStores.DirectoryFileStore", "dFakto.States.Workers.FileStores.DirectoryFileStore\dFakto.States.Workers.FileStores.DirectoryFileStore.csproj", "{F9E67550-1781-46C0-9F67-6B2F7886075E}"
EndProject
Project("{FAE04EC0-301F-11D3-BF4B-00C04F79EFBC}") = "dFakto.States.Workers.FileStores.FtpFileStore", "dFakto.States.Workers.FileStores.FtpFileStore\dFakto.States.Workers.FileStores.FtpFileStore.csproj", "{37829F35-E370-471F-A81D-F598E1FA49B0}"
EndProject
Project("{FAE04EC0-301F-11D3-BF4B-00C04F79EFBC}") = "dFakto.States.Workers.Abstractions", "dFakto.States.Workers.Abstractions\dFakto.States.Workers.Abstractions.csproj", "{B030B011-EB5E-401F-8749-3EC49A64B7CC}"
EndProject
Project("{2150E333-8FDC-42A3-9474-1A3956D46DE8}") = "Databases", "Databases", "{649A2F15-382D-41B8-ABBE-899D5521286B}"
EndProject
Project("{2150E333-8FDC-42A3-9474-1A3956D46DE8}") = "Workers", "Workers", "{A5668192-607E-4F8C-AF39-31BE7E187AE1}"
EndProject
Project("{2150E333-8FDC-42A3-9474-1A3956D46DE8}") = "Sql", "Sql", "{C49F4253-00AB-4DAA-AA0A-56391FA30E2C}"
EndProject
Project("{FAE04EC0-301F-11D3-BF4B-00C04F79EFBC}") = "dFakto.States.Workers.Http", "dFakto.States.Workers.Http\dFakto.States.Workers.Http.csproj", "{5165C078-F832-412F-AFA7-6A2FB34E60B4}"
EndProject
Project("{FAE04EC0-301F-11D3-BF4B-00C04F79EFBC}") = "dFakto.States.Workers.Gzip", "dFakto.States.Workers.Gzip\dFakto.States.Workers.Gzip.csproj", "{C093562A-5A93-4D98-91B2-59C0342F6E22}"
EndProject
Project("{FAE04EC0-301F-11D3-BF4B-00C04F79EFBC}") = "dFakto.States.Workers.Sql", "dFakto.States.Workers.Sql\dFakto.States.Workers.Sql.csproj", "{A096A0CE-77E4-4C90-B4FA-89CFD61E1EE8}"
EndProject
Global
	GlobalSection(SolutionConfigurationPlatforms) = preSolution
		Debug|Any CPU = Debug|Any CPU
		Release|Any CPU = Release|Any CPU
	EndGlobalSection
	GlobalSection(ProjectConfigurationPlatforms) = postSolution
		{12429588-F4B8-4D56-954D-A586DCA08963}.Debug|Any CPU.ActiveCfg = Debug|Any CPU
		{12429588-F4B8-4D56-954D-A586DCA08963}.Debug|Any CPU.Build.0 = Debug|Any CPU
		{12429588-F4B8-4D56-954D-A586DCA08963}.Release|Any CPU.ActiveCfg = Release|Any CPU
		{12429588-F4B8-4D56-954D-A586DCA08963}.Release|Any CPU.Build.0 = Release|Any CPU
		{32B94B61-9587-4A3D-A6A9-3990F6606D03}.Debug|Any CPU.ActiveCfg = Debug|Any CPU
		{32B94B61-9587-4A3D-A6A9-3990F6606D03}.Debug|Any CPU.Build.0 = Debug|Any CPU
		{32B94B61-9587-4A3D-A6A9-3990F6606D03}.Release|Any CPU.ActiveCfg = Release|Any CPU
		{32B94B61-9587-4A3D-A6A9-3990F6606D03}.Release|Any CPU.Build.0 = Release|Any CPU
		{A5256C96-A238-4994-9251-60662AE4ADAB}.Debug|Any CPU.ActiveCfg = Debug|Any CPU
		{A5256C96-A238-4994-9251-60662AE4ADAB}.Debug|Any CPU.Build.0 = Debug|Any CPU
		{A5256C96-A238-4994-9251-60662AE4ADAB}.Release|Any CPU.ActiveCfg = Release|Any CPU
		{A5256C96-A238-4994-9251-60662AE4ADAB}.Release|Any CPU.Build.0 = Release|Any CPU
		{F9E67550-1781-46C0-9F67-6B2F7886075E}.Debug|Any CPU.ActiveCfg = Debug|Any CPU
		{F9E67550-1781-46C0-9F67-6B2F7886075E}.Debug|Any CPU.Build.0 = Debug|Any CPU
		{F9E67550-1781-46C0-9F67-6B2F7886075E}.Release|Any CPU.ActiveCfg = Release|Any CPU
		{F9E67550-1781-46C0-9F67-6B2F7886075E}.Release|Any CPU.Build.0 = Release|Any CPU
		{37829F35-E370-471F-A81D-F598E1FA49B0}.Debug|Any CPU.ActiveCfg = Debug|Any CPU
		{37829F35-E370-471F-A81D-F598E1FA49B0}.Debug|Any CPU.Build.0 = Debug|Any CPU
		{37829F35-E370-471F-A81D-F598E1FA49B0}.Release|Any CPU.ActiveCfg = Release|Any CPU
		{37829F35-E370-471F-A81D-F598E1FA49B0}.Release|Any CPU.Build.0 = Release|Any CPU
		{B030B011-EB5E-401F-8749-3EC49A64B7CC}.Debug|Any CPU.ActiveCfg = Debug|Any CPU
		{B030B011-EB5E-401F-8749-3EC49A64B7CC}.Debug|Any CPU.Build.0 = Debug|Any CPU
		{B030B011-EB5E-401F-8749-3EC49A64B7CC}.Release|Any CPU.ActiveCfg = Release|Any CPU
		{B030B011-EB5E-401F-8749-3EC49A64B7CC}.Release|Any CPU.Build.0 = Release|Any CPU
		{5165C078-F832-412F-AFA7-6A2FB34E60B4}.Debug|Any CPU.ActiveCfg = Debug|Any CPU
		{5165C078-F832-412F-AFA7-6A2FB34E60B4}.Debug|Any CPU.Build.0 = Debug|Any CPU
		{5165C078-F832-412F-AFA7-6A2FB34E60B4}.Release|Any CPU.ActiveCfg = Release|Any CPU
		{5165C078-F832-412F-AFA7-6A2FB34E60B4}.Release|Any CPU.Build.0 = Release|Any CPU
		{C093562A-5A93-4D98-91B2-59C0342F6E22}.Debug|Any CPU.ActiveCfg = Debug|Any CPU
		{C093562A-5A93-4D98-91B2-59C0342F6E22}.Debug|Any CPU.Build.0 = Debug|Any CPU
		{C093562A-5A93-4D98-91B2-59C0342F6E22}.Release|Any CPU.ActiveCfg = Release|Any CPU
		{C093562A-5A93-4D98-91B2-59C0342F6E22}.Release|Any CPU.Build.0 = Release|Any CPU
		{A096A0CE-77E4-4C90-B4FA-89CFD61E1EE8}.Debug|Any CPU.ActiveCfg = Debug|Any CPU
		{A096A0CE-77E4-4C90-B4FA-89CFD61E1EE8}.Debug|Any CPU.Build.0 = Debug|Any CPU
		{A096A0CE-77E4-4C90-B4FA-89CFD61E1EE8}.Release|Any CPU.ActiveCfg = Release|Any CPU
		{A096A0CE-77E4-4C90-B4FA-89CFD61E1EE8}.Release|Any CPU.Build.0 = Release|Any CPU
	EndGlobalSection
	GlobalSection(SolutionProperties) = preSolution
		HideSolutionNode = FALSE
	EndGlobalSection
	GlobalSection(ExtensibilityGlobals) = postSolution
		SolutionGuid = {DAE58F05-6842-4788-A71B-7299A1CB09A7}
	EndGlobalSection
	GlobalSection(NestedProjects) = preSolution
		{F9E67550-1781-46C0-9F67-6B2F7886075E} = {8D4DFB6D-5625-4BF7-99B5-35254872895D}
		{37829F35-E370-471F-A81D-F598E1FA49B0} = {8D4DFB6D-5625-4BF7-99B5-35254872895D}
		{C49F4253-00AB-4DAA-AA0A-56391FA30E2C} = {A5668192-607E-4F8C-AF39-31BE7E187AE1}
		{649A2F15-382D-41B8-ABBE-899D5521286B} = {C49F4253-00AB-4DAA-AA0A-56391FA30E2C}
		{5165C078-F832-412F-AFA7-6A2FB34E60B4} = {A5668192-607E-4F8C-AF39-31BE7E187AE1}
		{C093562A-5A93-4D98-91B2-59C0342F6E22} = {A5668192-607E-4F8C-AF39-31BE7E187AE1}
		{A096A0CE-77E4-4C90-B4FA-89CFD61E1EE8} = {C49F4253-00AB-4DAA-AA0A-56391FA30E2C}
	EndGlobalSection
EndGlobal
